Microsoft Visual Studio Solution File, Format Version 11.00
# Visual Studio 2008

Project("{77249B33-7878-413F-B5CF-876778E313CA}") = "unity_chan", "Assembly-CSharp.csproj", "{005A7A38-67DB-66B3-6DFA-5DCD0B553448}"
EndProject
Project("{77249B33-7878-413F-B5CF-876778E313CA}") = "unity_chan", "Assembly-UnityScript-firstpass.unityproj", "{9C279FD6-8157-8EF3-C582-A0679C42600A}"
EndProject
Project("{77249B33-7878-413F-B5CF-876778E313CA}") = "unity_chan", "Assembly-UnityScript.unityproj", "{08555CED-A035-BA35-1722-8A5779121A3B}"
EndProject
Global
	GlobalSection(SolutionConfigurationPlatforms) = preSolution
		Debug|Any CPU = Debug|Any CPU
		Release|Any CPU = Release|Any CPU
	EndGlobalSection
	GlobalSection(ProjectConfigurationPlatforms) = postSolution
		{005A7A38-67DB-66B3-6DFA-5DCD0B553448}.Debug|Any CPU.ActiveCfg = Debug|Any CPU
		{005A7A38-67DB-66B3-6DFA-5DCD0B553448}.Debug|Any CPU.Build.0 = Debug|Any CPU
		{005A7A38-67DB-66B3-6DFA-5DCD0B553448}.Release|Any CPU.ActiveCfg = Release|Any CPU
		{005A7A38-67DB-66B3-6DFA-5DCD0B553448}.Release|Any CPU.Build.0 = Release|Any CPU
		{9C279FD6-8157-8EF3-C582-A0679C42600A}.Debug|Any CPU.ActiveCfg = Debug|Any CPU
		{9C279FD6-8157-8EF3-C582-A0679C42600A}.Debug|Any CPU.Build.0 = Debug|Any CPU
		{9C279FD6-8157-8EF3-C582-A0679C42600A}.Release|Any CPU.ActiveCfg = Release|Any CPU
		{9C279FD6-8157-8EF3-C582-A0679C42600A}.Release|Any CPU.Build.0 = Release|Any CPU
		{08555CED-A035-BA35-1722-8A5779121A3B}.Debug|Any CPU.ActiveCfg = Debug|Any CPU
		{08555CED-A035-BA35-1722-8A5779121A3B}.Debug|Any CPU.Build.0 = Debug|Any CPU
		{08555CED-A035-BA35-1722-8A5779121A3B}.Release|Any CPU.ActiveCfg = Release|Any CPU
		{08555CED-A035-BA35-1722-8A5779121A3B}.Release|Any CPU.Build.0 = Release|Any CPU
	EndGlobalSection
	GlobalSection(SolutionProperties) = preSolution
		HideSolutionNode = FALSE
	EndGlobalSection
																		GlobalSection(MonoDevelopProperties) = preSolution
		StartupItem = Assembly-CSharp.csproj
		Policies = $0
		$0.TextStylePolicy = $1
		$1.inheritsSet = null
		$1.scope = text/x-csharp
		$0.CSharpFormattingPolicy = $2
		$2.inheritsSet = Mono
		$2.inheritsScope = text/x-csharp
		$2.scope = text/x-csharp
		$0.TextStylePolicy = $3
		$3.FileWidth = 120
		$3.TabWidth = 4
		$3.EolMarker = Unix
		$3.inheritsSet = Mono
		$3.inheritsScope = text/plain
		$3.scope = text/plain
	EndGlobalSection

EndGlobal
